// !$*UTF8*$!
{
	archiveVersion = 1;
	classes = {
	};
	objectVersion = 46;
	objects = {

/* Begin PBXBuildFile section */
		031B76521CB4943B0063D0FE /* CommentTVC.swift in Sources */ = {isa = PBXBuildFile; fileRef = 031B76511CB4943B0063D0FE /* CommentTVC.swift */; };
		031B76551CB494D00063D0FE /* CommentTVC_Demo.swift in Sources */ = {isa = PBXBuildFile; fileRef = 031B76541CB494D00063D0FE /* CommentTVC_Demo.swift */; };
		031B76571CB496E60063D0FE /* User.swift in Sources */ = {isa = PBXBuildFile; fileRef = 031B76561CB496E60063D0FE /* User.swift */; };
		031B765A1CB497000063D0FE /* Comment.swift in Sources */ = {isa = PBXBuildFile; fileRef = 031B76591CB497000063D0FE /* Comment.swift */; };
		0329B7951CBDB4EE00EEDB49 /* CommentHeaderVC.swift in Sources */ = {isa = PBXBuildFile; fileRef = 0329B7941CBDB4EE00EEDB49 /* CommentHeaderVC.swift */; };
		0329B7971CBDB4FF00EEDB49 /* CommentFooterVC.swift in Sources */ = {isa = PBXBuildFile; fileRef = 0329B7961CBDB4FF00EEDB49 /* CommentFooterVC.swift */; };
		0329B7991CBDB52100EEDB49 /* CommentVC.swift in Sources */ = {isa = PBXBuildFile; fileRef = 0329B7981CBDB52100EEDB49 /* CommentVC.swift */; };
		03A48C5C1CB9E499005C8EE6 /* CommentAnimatedTransitioning.swift in Sources */ = {isa = PBXBuildFile; fileRef = 03A48C5B1CB9E499005C8EE6 /* CommentAnimatedTransitioning.swift */; };
		03A48C5E1CB9E4B2005C8EE6 /* CommentTransitioningDelegate.swift in Sources */ = {isa = PBXBuildFile; fileRef = 03A48C5D1CB9E4B2005C8EE6 /* CommentTransitioningDelegate.swift */; };
		03A48C601CB9E531005C8EE6 /* CommentPresentationController.swift in Sources */ = {isa = PBXBuildFile; fileRef = 03A48C5F1CB9E531005C8EE6 /* CommentPresentationController.swift */; };
		03C814FB1CB56F7C00E49636 /* CommentMetaTVCell.swift in Sources */ = {isa = PBXBuildFile; fileRef = 03C814FA1CB56F7C00E49636 /* CommentMetaTVCell.swift */; };
		03C814FD1CB56FAA00E49636 /* CommentTVCell.swift in Sources */ = {isa = PBXBuildFile; fileRef = 03C814FC1CB56FAA00E49636 /* CommentTVCell.swift */; };
		03C815011CB5763200E49636 /* NSDate.swift in Sources */ = {isa = PBXBuildFile; fileRef = 03C815001CB5763200E49636 /* NSDate.swift */; };
		03C815031CB5764500E49636 /* Double.swift in Sources */ = {isa = PBXBuildFile; fileRef = 03C815021CB5764500E49636 /* Double.swift */; };
		03C815051CB9A30F00E49636 /* UIImageView.swift in Sources */ = {isa = PBXBuildFile; fileRef = 03C815041CB9A30F00E49636 /* UIImageView.swift */; };
		B8120C471C77B56A005F8D5F /* AppDelegate.swift in Sources */ = {isa = PBXBuildFile; fileRef = B8120C461C77B56A005F8D5F /* AppDelegate.swift */; };
		B8120C4E1C77B56A005F8D5F /* Assets.xcassets in Resources */ = {isa = PBXBuildFile; fileRef = B8120C4D1C77B56A005F8D5F /* Assets.xcassets */; };
		B8120C511C77B56A005F8D5F /* LaunchScreen.storyboard in Resources */ = {isa = PBXBuildFile; fileRef = B8120C4F1C77B56A005F8D5F /* LaunchScreen.storyboard */; };
		B8120C591C77B597005F8D5F /* MainViewController.swift in Sources */ = {isa = PBXBuildFile; fileRef = B8120C581C77B597005F8D5F /* MainViewController.swift */; };
		B82F3A561C7E7CB700F565F4 /* Main.storyboard in Resources */ = {isa = PBXBuildFile; fileRef = B82F3A541C7E7CB700F565F4 /* Main.storyboard */; };
/* End PBXBuildFile section */

/* Begin PBXFileReference section */
		031B76511CB4943B0063D0FE /* CommentTVC.swift */ = {isa = PBXFileReference; fileEncoding = 4; lastKnownFileType = sourcecode.swift; name = CommentTVC.swift; path = Controllers/CommentTVC.swift; sourceTree = "<group>"; };
		031B76541CB494D00063D0FE /* CommentTVC_Demo.swift */ = {isa = PBXFileReference; fileEncoding = 4; lastKnownFileType = sourcecode.swift; path = CommentTVC_Demo.swift; sourceTree = "<group>"; };
		031B76561CB496E60063D0FE /* User.swift */ = {isa = PBXFileReference; fileEncoding = 4; lastKnownFileType = sourcecode.swift; name = User.swift; path = Model/User.swift; sourceTree = "<group>"; };
		031B76591CB497000063D0FE /* Comment.swift */ = {isa = PBXFileReference; fileEncoding = 4; lastKnownFileType = sourcecode.swift; name = Comment.swift; path = Model/Comment.swift; sourceTree = "<group>"; };
		0329B7941CBDB4EE00EEDB49 /* CommentHeaderVC.swift */ = {isa = PBXFileReference; fileEncoding = 4; lastKnownFileType = sourcecode.swift; path = CommentHeaderVC.swift; sourceTree = "<group>"; };
		0329B7961CBDB4FF00EEDB49 /* CommentFooterVC.swift */ = {isa = PBXFileReference; fileEncoding = 4; lastKnownFileType = sourcecode.swift; path = CommentFooterVC.swift; sourceTree = "<group>"; };
		0329B7981CBDB52100EEDB49 /* CommentVC.swift */ = {isa = PBXFileReference; fileEncoding = 4; lastKnownFileType = sourcecode.swift; path = CommentVC.swift; sourceTree = "<group>"; };
		03A48C5B1CB9E499005C8EE6 /* CommentAnimatedTransitioning.swift */ = {isa = PBXFileReference; fileEncoding = 4; lastKnownFileType = sourcecode.swift; name = CommentAnimatedTransitioning.swift; path = Transitions/CommentAnimatedTransitioning.swift; sourceTree = "<group>"; };
		03A48C5D1CB9E4B2005C8EE6 /* CommentTransitioningDelegate.swift */ = {isa = PBXFileReference; fileEncoding = 4; lastKnownFileType = sourcecode.swift; name = CommentTransitioningDelegate.swift; path = Transitions/CommentTransitioningDelegate.swift; sourceTree = "<group>"; };
		03A48C5F1CB9E531005C8EE6 /* CommentPresentationController.swift */ = {isa = PBXFileReference; fileEncoding = 4; lastKnownFileType = sourcecode.swift; name = CommentPresentationController.swift; path = Transitions/CommentPresentationController.swift; sourceTree = "<group>"; };
		03C814FA1CB56F7C00E49636 /* CommentMetaTVCell.swift */ = {isa = PBXFileReference; fileEncoding = 4; lastKnownFileType = sourcecode.swift; name = CommentMetaTVCell.swift; path = TableViewCells/CommentMetaTVCell.swift; sourceTree = "<group>"; };
		03C814FC1CB56FAA00E49636 /* CommentTVCell.swift */ = {isa = PBXFileReference; fileEncoding = 4; lastKnownFileType = sourcecode.swift; name = CommentTVCell.swift; path = TableViewCells/CommentTVCell.swift; sourceTree = "<group>"; };
		03C815001CB5763200E49636 /* NSDate.swift */ = {isa = PBXFileReference; fileEncoding = 4; lastKnownFileType = sourcecode.swift; name = NSDate.swift; path = Extensions/NSDate.swift; sourceTree = "<group>"; };
		03C815021CB5764500E49636 /* Double.swift */ = {isa = PBXFileReference; fileEncoding = 4; lastKnownFileType = sourcecode.swift; name = Double.swift; path = Extensions/Double.swift; sourceTree = "<group>"; };
		03C815041CB9A30F00E49636 /* UIImageView.swift */ = {isa = PBXFileReference; fileEncoding = 4; lastKnownFileType = sourcecode.swift; name = UIImageView.swift; path = Extensions/UIImageView.swift; sourceTree = "<group>"; };
		B8120C431C77B56A005F8D5F /* TabletAssignmentSwift.app */ = {isa = PBXFileReference; explicitFileType = wrapper.application; includeInIndex = 0; path = TabletAssignmentSwift.app; sourceTree = BUILT_PRODUCTS_DIR; };
		B8120C461C77B56A005F8D5F /* AppDelegate.swift */ = {isa = PBXFileReference; lastKnownFileType = sourcecode.swift; path = AppDelegate.swift; sourceTree = "<group>"; };
		B8120C4D1C77B56A005F8D5F /* Assets.xcassets */ = {isa = PBXFileReference; lastKnownFileType = folder.assetcatalog; path = Assets.xcassets; sourceTree = "<group>"; };
		B8120C501C77B56A005F8D5F /* Base */ = {isa = PBXFileReference; lastKnownFileType = file.storyboard; name = Base; path = Base.lproj/LaunchScreen.storyboard; sourceTree = "<group>"; };
		B8120C521C77B56A005F8D5F /* Info.plist */ = {isa = PBXFileReference; lastKnownFileType = text.plist.xml; path = Info.plist; sourceTree = "<group>"; };
		B8120C581C77B597005F8D5F /* MainViewController.swift */ = {isa = PBXFileReference; fileEncoding = 4; lastKnownFileType = sourcecode.swift; path = MainViewController.swift; sourceTree = "<group>"; };
		B82F3A551C7E7CB700F565F4 /* Base */ = {isa = PBXFileReference; lastKnownFileType = file.storyboard; name = Base; path = Base.lproj/Main.storyboard; sourceTree = "<group>"; };
/* End PBXFileReference section */

/* Begin PBXFrameworksBuildPhase section */
		B8120C401C77B56A005F8D5F /* Frameworks */ = {
			isa = PBXFrameworksBuildPhase;
			buildActionMask = 2147483647;
			files = (
			);
			runOnlyForDeploymentPostprocessing = 0;
		};
/* End PBXFrameworksBuildPhase section */

/* Begin PBXGroup section */
		031B76501CB493E80063D0FE /* Controllers */ = {
			isa = PBXGroup;
			children = (
				B8120C581C77B597005F8D5F /* MainViewController.swift */,
				0329B7981CBDB52100EEDB49 /* CommentVC.swift */,
				031B76511CB4943B0063D0FE /* CommentTVC.swift */,
				0329B7941CBDB4EE00EEDB49 /* CommentHeaderVC.swift */,
				0329B7961CBDB4FF00EEDB49 /* CommentFooterVC.swift */,
			);
			name = Controllers;
			sourceTree = "<group>";
		};
		031B76531CB494AE0063D0FE /* DemoData */ = {
			isa = PBXGroup;
			children = (
				031B76541CB494D00063D0FE /* CommentTVC_Demo.swift */,
			);
			name = DemoData;
			sourceTree = "<group>";
		};
		031B76581CB496EB0063D0FE /* Model */ = {
			isa = PBXGroup;
			children = (
				031B76561CB496E60063D0FE /* User.swift */,
				031B76591CB497000063D0FE /* Comment.swift */,
			);
			name = Model;
			sourceTree = "<group>";
		};
		03A48C5A1CB9E44C005C8EE6 /* Transitions */ = {
			isa = PBXGroup;
			children = (
				03A48C5B1CB9E499005C8EE6 /* CommentAnimatedTransitioning.swift */,
				03A48C5D1CB9E4B2005C8EE6 /* CommentTransitioningDelegate.swift */,
				03A48C5F1CB9E531005C8EE6 /* CommentPresentationController.swift */,
			);
			name = Transitions;
			sourceTree = "<group>";
		};
		03C814FE1CB56FAE00E49636 /* TableViewCells */ = {
			isa = PBXGroup;
			children = (
				03C814FA1CB56F7C00E49636 /* CommentMetaTVCell.swift */,
				03C814FC1CB56FAA00E49636 /* CommentTVCell.swift */,
			);
			name = TableViewCells;
			sourceTree = "<group>";
		};
		03C814FF1CB5751A00E49636 /* Extensions */ = {
			isa = PBXGroup;
			children = (
				03C815001CB5763200E49636 /* NSDate.swift */,
				03C815021CB5764500E49636 /* Double.swift */,
				03C815041CB9A30F00E49636 /* UIImageView.swift */,
			);
			name = Extensions;
			sourceTree = "<group>";
		};
		B8120C3A1C77B56A005F8D5F = {
			isa = PBXGroup;
			children = (
				B8120C451C77B56A005F8D5F /* TabletAssignmentSwift */,
				B8120C441C77B56A005F8D5F /* Products */,
			);
			sourceTree = "<group>";
		};
		B8120C441C77B56A005F8D5F /* Products */ = {
			isa = PBXGroup;
			children = (
				B8120C431C77B56A005F8D5F /* TabletAssignmentSwift.app */,
			);
			name = Products;
			sourceTree = "<group>";
		};
		B8120C451C77B56A005F8D5F /* TabletAssignmentSwift */ = {
			isa = PBXGroup;
			children = (
				03A48C5A1CB9E44C005C8EE6 /* Transitions */,
				03C814FF1CB5751A00E49636 /* Extensions */,
				03C814FE1CB56FAE00E49636 /* TableViewCells */,
				031B76531CB494AE0063D0FE /* DemoData */,
				031B76581CB496EB0063D0FE /* Model */,
				031B76501CB493E80063D0FE /* Controllers */,
				B8120C461C77B56A005F8D5F /* AppDelegate.swift */,
				B82F3A541C7E7CB700F565F4 /* Main.storyboard */,
				B8120C4D1C77B56A005F8D5F /* Assets.xcassets */,
				B8120C4F1C77B56A005F8D5F /* LaunchScreen.storyboard */,
				B8120C521C77B56A005F8D5F /* Info.plist */,
			);
			path = TabletAssignmentSwift;
			sourceTree = "<group>";
		};
/* End PBXGroup section */

/* Begin PBXNativeTarget section */
		B8120C421C77B56A005F8D5F /* TabletAssignmentSwift */ = {
			isa = PBXNativeTarget;
			buildConfigurationList = B8120C551C77B56A005F8D5F /* Build configuration list for PBXNativeTarget "TabletAssignmentSwift" */;
			buildPhases = (
				B8120C3F1C77B56A005F8D5F /* Sources */,
				B8120C401C77B56A005F8D5F /* Frameworks */,
				B8120C411C77B56A005F8D5F /* Resources */,
			);
			buildRules = (
			);
			dependencies = (
			);
			name = TabletAssignmentSwift;
			productName = TabletAssignmentSwift;
			productReference = B8120C431C77B56A005F8D5F /* TabletAssignmentSwift.app */;
			productType = "com.apple.product-type.application";
		};
/* End PBXNativeTarget section */

/* Begin PBXProject section */
		B8120C3B1C77B56A005F8D5F /* Project object */ = {
			isa = PBXProject;
			attributes = {
				LastSwiftUpdateCheck = 0720;
				LastUpgradeCheck = 0720;
				ORGANIZATIONNAME = Tablet;
				TargetAttributes = {
					B8120C421C77B56A005F8D5F = {
						CreatedOnToolsVersion = 7.2.1;
						DevelopmentTeam = Z23FUEE9NC;
					};
				};
			};
			buildConfigurationList = B8120C3E1C77B56A005F8D5F /* Build configuration list for PBXProject "TabletAssignmentSwift" */;
			compatibilityVersion = "Xcode 3.2";
			developmentRegion = English;
			hasScannedForEncodings = 0;
			knownRegions = (
				en,
				Base,
			);
			mainGroup = B8120C3A1C77B56A005F8D5F;
			productRefGroup = B8120C441C77B56A005F8D5F /* Products */;
			projectDirPath = "";
			projectRoot = "";
			targets = (
				B8120C421C77B56A005F8D5F /* TabletAssignmentSwift */,
			);
		};
/* End PBXProject section */

/* Begin PBXResourcesBuildPhase section */
		B8120C411C77B56A005F8D5F /* Resources */ = {
			isa = PBXResourcesBuildPhase;
			buildActionMask = 2147483647;
			files = (
				B82F3A561C7E7CB700F565F4 /* Main.storyboard in Resources */,
				B8120C511C77B56A005F8D5F /* LaunchScreen.storyboard in Resources */,
				B8120C4E1C77B56A005F8D5F /* Assets.xcassets in Resources */,
			);
			runOnlyForDeploymentPostprocessing = 0;
		};
/* End PBXResourcesBuildPhase section */

/* Begin PBXSourcesBuildPhase section */
		B8120C3F1C77B56A005F8D5F /* Sources */ = {
			isa = PBXSourcesBuildPhase;
			buildActionMask = 2147483647;
			files = (
				031B76551CB494D00063D0FE /* CommentTVC_Demo.swift in Sources */,
				031B765A1CB497000063D0FE /* Comment.swift in Sources */,
				03C814FD1CB56FAA00E49636 /* CommentTVCell.swift in Sources */,
				03A48C5C1CB9E499005C8EE6 /* CommentAnimatedTransitioning.swift in Sources */,
				031B76521CB4943B0063D0FE /* CommentTVC.swift in Sources */,
				0329B7951CBDB4EE00EEDB49 /* CommentHeaderVC.swift in Sources */,
				03C815011CB5763200E49636 /* NSDate.swift in Sources */,
				B8120C591C77B597005F8D5F /* MainViewController.swift in Sources */,
				03A48C5E1CB9E4B2005C8EE6 /* CommentTransitioningDelegate.swift in Sources */,
				0329B7991CBDB52100EEDB49 /* CommentVC.swift in Sources */,
				031B76571CB496E60063D0FE /* User.swift in Sources */,
				03C814FB1CB56F7C00E49636 /* CommentMetaTVCell.swift in Sources */,
				0329B7971CBDB4FF00EEDB49 /* CommentFooterVC.swift in Sources */,
				03C815051CB9A30F00E49636 /* UIImageView.swift in Sources */,
				03A48C601CB9E531005C8EE6 /* CommentPresentationController.swift in Sources */,
				03C815031CB5764500E49636 /* Double.swift in Sources */,
				B8120C471C77B56A005F8D5F /* AppDelegate.swift in Sources */,
			);
			runOnlyForDeploymentPostprocessing = 0;
		};
/* End PBXSourcesBuildPhase section */

/* Begin PBXVariantGroup section */
		B8120C4F1C77B56A005F8D5F /* LaunchScreen.storyboard */ = {
			isa = PBXVariantGroup;
			children = (
				B8120C501C77B56A005F8D5F /* Base */,
			);
			name = LaunchScreen.storyboard;
			sourceTree = "<group>";
		};
		B82F3A541C7E7CB700F565F4 /* Main.storyboard */ = {
			isa = PBXVariantGroup;
			children = (
				B82F3A551C7E7CB700F565F4 /* Base */,
			);
			name = Main.storyboard;
			sourceTree = "<group>";
		};
/* End PBXVariantGroup section */

/* Begin XCBuildConfiguration section */
		B8120C531C77B56A005F8D5F /* Debug */ = {
			isa = XCBuildConfiguration;
			buildSettings = {
				ALWAYS_SEARCH_USER_PATHS = NO;
				CLANG_CXX_LANGUAGE_STANDARD = "gnu++0x";
				CLANG_CXX_LIBRARY = "libc++";
				CLANG_ENABLE_MODULES = YES;
				CLANG_ENABLE_OBJC_ARC = YES;
				CLANG_WARN_BOOL_CONVERSION = YES;
				CLANG_WARN_CONSTANT_CONVERSION = YES;
				CLANG_WARN_DIRECT_OBJC_ISA_USAGE = YES_ERROR;
				CLANG_WARN_EMPTY_BODY = YES;
				CLANG_WARN_ENUM_CONVERSION = YES;
				CLANG_WARN_INT_CONVERSION = YES;
				CLANG_WARN_OBJC_ROOT_CLASS = YES_ERROR;
				CLANG_WARN_UNREACHABLE_CODE = YES;
				CLANG_WARN__DUPLICATE_METHOD_MATCH = YES;
				"CODE_SIGN_IDENTITY[sdk=iphoneos*]" = "iPhone Developer";
				COPY_PHASE_STRIP = NO;
				DEBUG_INFORMATION_FORMAT = dwarf;
				ENABLE_STRICT_OBJC_MSGSEND = YES;
				ENABLE_TESTABILITY = YES;
				GCC_C_LANGUAGE_STANDARD = gnu99;
				GCC_DYNAMIC_NO_PIC = NO;
				GCC_NO_COMMON_BLOCKS = YES;
				GCC_OPTIMIZATION_LEVEL = 0;
				GCC_PREPROCESSOR_DEFINITIONS = (
					"DEBUG=1",
					"$(inherited)",
				);
				GCC_WARN_64_TO_32_BIT_CONVERSION = YES;
				GCC_WARN_ABOUT_RETURN_TYPE = YES_ERROR;
				GCC_WARN_UNDECLARED_SELECTOR = YES;
				GCC_WARN_UNINITIALIZED_AUTOS = YES_AGGRESSIVE;
				GCC_WARN_UNUSED_FUNCTION = YES;
				GCC_WARN_UNUSED_VARIABLE = YES;
				IPHONEOS_DEPLOYMENT_TARGET = 9.2;
				MTL_ENABLE_DEBUG_INFO = YES;
				ONLY_ACTIVE_ARCH = YES;
				SDKROOT = iphoneos;
				SWIFT_OPTIMIZATION_LEVEL = "-Onone";
			};
			name = Debug;
		};
		B8120C541C77B56A005F8D5F /* Release */ = {
			isa = XCBuildConfiguration;
			buildSettings = {
				ALWAYS_SEARCH_USER_PATHS = NO;
				CLANG_CXX_LANGUAGE_STANDARD = "gnu++0x";
				CLANG_CXX_LIBRARY = "libc++";
				CLANG_ENABLE_MODULES = YES;
				CLANG_ENABLE_OBJC_ARC = YES;
				CLANG_WARN_BOOL_CONVERSION = YES;
				CLANG_WARN_CONSTANT_CONVERSION = YES;
				CLANG_WARN_DIRECT_OBJC_ISA_USAGE = YES_ERROR;
				CLANG_WARN_EMPTY_BODY = YES;
				CLANG_WARN_ENUM_CONVERSION = YES;
				CLANG_WARN_INT_CONVERSION = YES;
				CLANG_WARN_OBJC_ROOT_CLASS = YES_ERROR;
				CLANG_WARN_UNREACHABLE_CODE = YES;
				CLANG_WARN__DUPLICATE_METHOD_MATCH = YES;
				"CODE_SIGN_IDENTITY[sdk=iphoneos*]" = "iPhone Developer";
				COPY_PHASE_STRIP = NO;
				DEBUG_INFORMATION_FORMAT = "dwarf-with-dsym";
				ENABLE_NS_ASSERTIONS = NO;
				ENABLE_STRICT_OBJC_MSGSEND = YES;
				GCC_C_LANGUAGE_STANDARD = gnu99;
				GCC_NO_COMMON_BLOCKS = YES;
				GCC_WARN_64_TO_32_BIT_CONVERSION = YES;
				GCC_WARN_ABOUT_RETURN_TYPE = YES_ERROR;
				GCC_WARN_UNDECLARED_SELECTOR = YES;
				GCC_WARN_UNINITIALIZED_AUTOS = YES_AGGRESSIVE;
				GCC_WARN_UNUSED_FUNCTION = YES;
				GCC_WARN_UNUSED_VARIABLE = YES;
				IPHONEOS_DEPLOYMENT_TARGET = 9.2;
				MTL_ENABLE_DEBUG_INFO = NO;
				SDKROOT = iphoneos;
				VALIDATE_PRODUCT = YES;
			};
			name = Release;
		};
		B8120C561C77B56A005F8D5F /* Debug */ = {
			isa = XCBuildConfiguration;
			buildSettings = {
				ASSETCATALOG_COMPILER_APPICON_NAME = AppIcon;
				CODE_SIGN_IDENTITY = "iPhone Developer";
				"CODE_SIGN_IDENTITY[sdk=iphoneos*]" = "iPhone Developer";
				INFOPLIST_FILE = TabletAssignmentSwift/Info.plist;
				LD_RUNPATH_SEARCH_PATHS = "$(inherited) @executable_path/Frameworks";
				PRODUCT_BUNDLE_IDENTIFIER = com.tablethotels.TabletAssignmentSwift;
				PRODUCT_NAME = "$(TARGET_NAME)";
				PROVISIONING_PROFILE = "";
			};
			name = Debug;
		};
		B8120C571C77B56A005F8D5F /* Release */ = {
			isa = XCBuildConfiguration;
			buildSettings = {
				ASSETCATALOG_COMPILER_APPICON_NAME = AppIcon;
				CODE_SIGN_IDENTITY = "iPhone Developer";
				"CODE_SIGN_IDENTITY[sdk=iphoneos*]" = "iPhone Developer";
				INFOPLIST_FILE = TabletAssignmentSwift/Info.plist;
				LD_RUNPATH_SEARCH_PATHS = "$(inherited) @executable_path/Frameworks";
				PRODUCT_BUNDLE_IDENTIFIER = com.tablethotels.TabletAssignmentSwift;
				PRODUCT_NAME = "$(TARGET_NAME)";
				PROVISIONING_PROFILE = "";
			};
			name = Release;
		};
/* End XCBuildConfiguration section */

/* Begin XCConfigurationList section */
		B8120C3E1C77B56A005F8D5F /* Build configuration list for PBXProject "TabletAssignmentSwift" */ = {
			isa = XCConfigurationList;
			buildConfigurations = (
				B8120C531C77B56A005F8D5F /* Debug */,
				B8120C541C77B56A005F8D5F /* Release */,
			);
			defaultConfigurationIsVisible = 0;
			defaultConfigurationName = Release;
		};
		B8120C551C77B56A005F8D5F /* Build configuration list for PBXNativeTarget "TabletAssignmentSwift" */ = {
			isa = XCConfigurationList;
			buildConfigurations = (
				B8120C561C77B56A005F8D5F /* Debug */,
				B8120C571C77B56A005F8D5F /* Release */,
			);
			defaultConfigurationIsVisible = 0;
			defaultConfigurationName = Release;
		};
/* End XCConfigurationList section */
	};
	rootObject = B8120C3B1C77B56A005F8D5F /* Project object */;
}
